// !$*UTF8*$!
{
	archiveVersion = 1;
	classes = {
	};
	objectVersion = 46;
	objects = {

/* Begin PBXBuildFile section */
		5C8349881DCB14290065A62A /* AppDelegate.swift in Sources */ = {isa = PBXBuildFile; fileRef = 5C8349871DCB14290065A62A /* AppDelegate.swift */; };
		5C83498A1DCB14290065A62A /* ViewController.swift in Sources */ = {isa = PBXBuildFile; fileRef = 5C8349891DCB14290065A62A /* ViewController.swift */; };
		5C83498D1DCB14290065A62A /* Main.storyboard in Resources */ = {isa = PBXBuildFile; fileRef = 5C83498B1DCB14290065A62A /* Main.storyboard */; };
		5C83498F1DCB14290065A62A /* Assets.xcassets in Resources */ = {isa = PBXBuildFile; fileRef = 5C83498E1DCB14290065A62A /* Assets.xcassets */; };
		5C8349921DCB14290065A62A /* LaunchScreen.storyboard in Resources */ = {isa = PBXBuildFile; fileRef = 5C8349901DCB14290065A62A /* LaunchScreen.storyboard */; };
		5C83499A1DCB28B80065A62A /* SwipeableCards.swift in Sources */ = {isa = PBXBuildFile; fileRef = 5C8349991DCB28B80065A62A /* SwipeableCards.swift */; };
		5C83499C1DCB372D0065A62A /* Color.swift in Sources */ = {isa = PBXBuildFile; fileRef = 5C83499B1DCB372D0065A62A /* Color.swift */; };
/* End PBXBuildFile section */

/* Begin PBXFileReference section */
		5C8349841DCB14290065A62A /* 仿西窗烛卡片切换.app */ = {isa = PBXFileReference; explicitFileType = wrapper.application; includeInIndex = 0; path = "仿西窗烛卡片切换.app"; sourceTree = BUILT_PRODUCTS_DIR; };
		5C8349871DCB14290065A62A /* AppDelegate.swift */ = {isa = PBXFileReference; lastKnownFileType = sourcecode.swift; path = AppDelegate.swift; sourceTree = "<group>"; };
		5C8349891DCB14290065A62A /* ViewController.swift */ = {isa = PBXFileReference; lastKnownFileType = sourcecode.swift; path = ViewController.swift; sourceTree = "<group>"; };
		5C83498C1DCB14290065A62A /* Base */ = {isa = PBXFileReference; lastKnownFileType = file.storyboard; name = Base; path = Base.lproj/Main.storyboard; sourceTree = "<group>"; };
		5C83498E1DCB14290065A62A /* Assets.xcassets */ = {isa = PBXFileReference; lastKnownFileType = folder.assetcatalog; path = Assets.xcassets; sourceTree = "<group>"; };
		5C8349911DCB14290065A62A /* Base */ = {isa = PBXFileReference; lastKnownFileType = file.storyboard; name = Base; path = Base.lproj/LaunchScreen.storyboard; sourceTree = "<group>"; };
		5C8349931DCB14290065A62A /* Info.plist */ = {isa = PBXFileReference; lastKnownFileType = text.plist.xml; path = Info.plist; sourceTree = "<group>"; };
		5C8349991DCB28B80065A62A /* SwipeableCards.swift */ = {isa = PBXFileReference; fileEncoding = 4; lastKnownFileType = sourcecode.swift; path = SwipeableCards.swift; sourceTree = "<group>"; };
		5C83499B1DCB372D0065A62A /* Color.swift */ = {isa = PBXFileReference; fileEncoding = 4; lastKnownFileType = sourcecode.swift; path = Color.swift; sourceTree = "<group>"; };
/* End PBXFileReference section */

/* Begin PBXFrameworksBuildPhase section */
		5C8349811DCB14290065A62A /* Frameworks */ = {
			isa = PBXFrameworksBuildPhase;
			buildActionMask = 2147483647;
			files = (
			);
			runOnlyForDeploymentPostprocessing = 0;
		};
/* End PBXFrameworksBuildPhase section */

/* Begin PBXGroup section */
		5C83497B1DCB14290065A62A = {
			isa = PBXGroup;
			children = (
				5C8349861DCB14290065A62A /* 仿西窗烛卡片切换 */,
				5C8349851DCB14290065A62A /* Products */,
			);
			sourceTree = "<group>";
		};
		5C8349851DCB14290065A62A /* Products */ = {
			isa = PBXGroup;
			children = (
				5C8349841DCB14290065A62A /* 仿西窗烛卡片切换.app */,
			);
			name = Products;
			sourceTree = "<group>";
		};
		5C8349861DCB14290065A62A /* 仿西窗烛卡片切换 */ = {
			isa = PBXGroup;
			children = (
				5C8349871DCB14290065A62A /* AppDelegate.swift */,
				5C8349891DCB14290065A62A /* ViewController.swift */,
				5C8349991DCB28B80065A62A /* SwipeableCards.swift */,
				5C83499B1DCB372D0065A62A /* Color.swift */,
				5C83498B1DCB14290065A62A /* Main.storyboard */,
				5C83498E1DCB14290065A62A /* Assets.xcassets */,
				5C8349901DCB14290065A62A /* LaunchScreen.storyboard */,
				5C8349931DCB14290065A62A /* Info.plist */,
			);
			path = "仿西窗烛卡片切换";
			sourceTree = "<group>";
		};
/* End PBXGroup section */

/* Begin PBXNativeTarget section */
		5C8349831DCB14290065A62A /* 仿西窗烛卡片切换 */ = {
			isa = PBXNativeTarget;
			buildConfigurationList = 5C8349961DCB14290065A62A /* Build configuration list for PBXNativeTarget "仿西窗烛卡片切换" */;
			buildPhases = (
				5C8349801DCB14290065A62A /* Sources */,
				5C8349811DCB14290065A62A /* Frameworks */,
				5C8349821DCB14290065A62A /* Resources */,
			);
			buildRules = (
			);
			dependencies = (
			);
			name = "仿西窗烛卡片切换";
			productName = "仿西窗烛卡片切换";
			productReference = 5C8349841DCB14290065A62A /* 仿西窗烛卡片切换.app */;
			productType = "com.apple.product-type.application";
		};
/* End PBXNativeTarget section */

/* Begin PBXProject section */
		5C83497C1DCB14290065A62A /* Project object */ = {
			isa = PBXProject;
			attributes = {
				LastSwiftUpdateCheck = 0810;
				LastUpgradeCheck = 0830;
				ORGANIZATIONNAME = Ma;
				TargetAttributes = {
					5C8349831DCB14290065A62A = {
						CreatedOnToolsVersion = 8.1;
						DevelopmentTeam = 8RT428ZDVE;
						ProvisioningStyle = Automatic;
					};
				};
			};
			buildConfigurationList = 5C83497F1DCB14290065A62A /* Build configuration list for PBXProject "仿西窗烛卡片切换" */;
			compatibilityVersion = "Xcode 3.2";
			developmentRegion = English;
			hasScannedForEncodings = 0;
			knownRegions = (
				en,
				Base,
			);
			mainGroup = 5C83497B1DCB14290065A62A;
			productRefGroup = 5C8349851DCB14290065A62A /* Products */;
			projectDirPath = "";
			projectRoot = "";
			targets = (
				5C8349831DCB14290065A62A /* 仿西窗烛卡片切换 */,
			);
		};
/* End PBXProject section */

/* Begin PBXResourcesBuildPhase section */
		5C8349821DCB14290065A62A /* Resources */ = {
			isa = PBXResourcesBuildPhase;
			buildActionMask = 2147483647;
			files = (
				5C8349921DCB14290065A62A /* LaunchScreen.storyboard in Resources */,
				5C83498F1DCB14290065A62A /* Assets.xcassets in Resources */,
				5C83498D1DCB14290065A62A /* Main.storyboard in Resources */,
			);
			runOnlyForDeploymentPostprocessing = 0;
		};
/* End PBXResourcesBuildPhase section */

/* Begin PBXSourcesBuildPhase section */
		5C8349801DCB14290065A62A /* Sources */ = {
			isa = PBXSourcesBuildPhase;
			buildActionMask = 2147483647;
			files = (
				5C83498A1DCB14290065A62A /* ViewController.swift in Sources */,
				5C83499C1DCB372D0065A62A /* Color.swift in Sources */,
				5C8349881DCB14290065A62A /* AppDelegate.swift in Sources */,
				5C83499A1DCB28B80065A62A /* SwipeableCards.swift in Sources */,
			);
			runOnlyForDeploymentPostprocessing = 0;
		};
/* End PBXSourcesBuildPhase section */

/* Begin PBXVariantGroup section */
		5C83498B1DCB14290065A62A /* Main.storyboard */ = {
			isa = PBXVariantGroup;
			children = (
				5C83498C1DCB14290065A62A /* Base */,
			);
			name = Main.storyboard;
			sourceTree = "<group>";
		};
		5C8349901DCB14290065A62A /* LaunchScreen.storyboard */ = {
			isa = PBXVariantGroup;
			children = (
				5C8349911DCB14290065A62A /* Base */,
			);
			name = LaunchScreen.storyboard;
			sourceTree = "<group>";
		};
/* End PBXVariantGroup section */

/* Begin XCBuildConfiguration section */
		5C8349941DCB14290065A62A /* Debug */ = {
			isa = XCBuildConfiguration;
			buildSettings = {
				ALWAYS_SEARCH_USER_PATHS = NO;
				CLANG_ANALYZER_NONNULL = YES;
				CLANG_CXX_LANGUAGE_STANDARD = "gnu++0x";
				CLANG_CXX_LIBRARY = "libc++";
				CLANG_ENABLE_MODULES = YES;
				CLANG_ENABLE_OBJC_ARC = YES;
				CLANG_WARN_BOOL_CONVERSION = YES;
				CLANG_WARN_CONSTANT_CONVERSION = YES;
				CLANG_WARN_DIRECT_OBJC_ISA_USAGE = YES_ERROR;
				CLANG_WARN_DOCUMENTATION_COMMENTS = YES;
				CLANG_WARN_EMPTY_BODY = YES;
				CLANG_WARN_ENUM_CONVERSION = YES;
				CLANG_WARN_INFINITE_RECURSION = YES;
				CLANG_WARN_INT_CONVERSION = YES;
				CLANG_WARN_OBJC_ROOT_CLASS = YES_ERROR;
				CLANG_WARN_SUSPICIOUS_MOVE = YES;
				CLANG_WARN_SUSPICIOUS_MOVES = YES;
				CLANG_WARN_UNREACHABLE_CODE = YES;
				CLANG_WARN__DUPLICATE_METHOD_MATCH = YES;
				"CODE_SIGN_IDENTITY[sdk=iphoneos*]" = "iPhone Developer";
				COPY_PHASE_STRIP = NO;
				DEBUG_INFORMATION_FORMAT = dwarf;
				ENABLE_STRICT_OBJC_MSGSEND = YES;
				ENABLE_TESTABILITY = YES;
				GCC_C_LANGUAGE_STANDARD = gnu99;
				GCC_DYNAMIC_NO_PIC = NO;
				GCC_NO_COMMON_BLOCKS = YES;
				GCC_OPTIMIZATION_LEVEL = 0;
				GCC_PREPROCESSOR_DEFINITIONS = (
					"DEBUG=1",
					"$(inherited)",
				);
				GCC_WARN_64_TO_32_BIT_CONVERSION = YES;
				GCC_WARN_ABOUT_RETURN_TYPE = YES_ERROR;
				GCC_WARN_UNDECLARED_SELECTOR = YES;
				GCC_WARN_UNINITIALIZED_AUTOS = YES_AGGRESSIVE;
				GCC_WARN_UNUSED_FUNCTION = YES;
				GCC_WARN_UNUSED_VARIABLE = YES;
				IPHONEOS_DEPLOYMENT_TARGET = 10.1;
				MTL_ENABLE_DEBUG_INFO = YES;
				ONLY_ACTIVE_ARCH = YES;
				SDKROOT = iphoneos;
				SWIFT_ACTIVE_COMPILATION_CONDITIONS = DEBUG;
				SWIFT_OPTIMIZATION_LEVEL = "-Onone";
				TARGETED_DEVICE_FAMILY = "1,2";
			};
			name = Debug;
		};
		5C8349951DCB14290065A62A /* Release */ = {
			isa = XCBuildConfiguration;
			buildSettings = {
				ALWAYS_SEARCH_USER_PATHS = NO;
				CLANG_ANALYZER_NONNULL = YES;
				CLANG_CXX_LANGUAGE_STANDARD = "gnu++0x";
				CLANG_CXX_LIBRARY = "libc++";
				CLANG_ENABLE_MODULES = YES;
				CLANG_ENABLE_OBJC_ARC = YES;
				CLANG_WARN_BOOL_CONVERSION = YES;
				CLANG_WARN_CONSTANT_CONVERSION = YES;
				CLANG_WARN_DIRECT_OBJC_ISA_USAGE = YES_ERROR;
				CLANG_WARN_DOCUMENTATION_COMMENTS = YES;
				CLANG_WARN_EMPTY_BODY = YES;
				CLANG_WARN_ENUM_CONVERSION = YES;
				CLANG_WARN_INFINITE_RECURSION = YES;
				CLANG_WARN_INT_CONVERSION = YES;
				CLANG_WARN_OBJC_ROOT_CLASS = YES_ERROR;
				CLANG_WARN_SUSPICIOUS_MOVE = YES;
				CLANG_WARN_SUSPICIOUS_MOVES = YES;
				CLANG_WARN_UNREACHABLE_CODE = YES;
				CLANG_WARN__DUPLICATE_METHOD_MATCH = YES;
				"CODE_SIGN_IDENTITY[sdk=iphoneos*]" = "iPhone Developer";
				COPY_PHASE_STRIP = NO;
				DEBUG_INFORMATION_FORMAT = "dwarf-with-dsym";
				ENABLE_NS_ASSERTIONS = NO;
				ENABLE_STRICT_OBJC_MSGSEND = YES;
				GCC_C_LANGUAGE_STANDARD = gnu99;
				GCC_NO_COMMON_BLOCKS = YES;
				GCC_WARN_64_TO_32_BIT_CONVERSION = YES;
				GCC_WARN_ABOUT_RETURN_TYPE = YES_ERROR;
				GCC_WARN_UNDECLARED_SELECTOR = YES;
				GCC_WARN_UNINITIALIZED_AUTOS = YES_AGGRESSIVE;
				GCC_WARN_UNUSED_FUNCTION = YES;
				GCC_WARN_UNUSED_VARIABLE = YES;
				IPHONEOS_DEPLOYMENT_TARGET = 10.1;
				MTL_ENABLE_DEBUG_INFO = NO;
				SDKROOT = iphoneos;
				SWIFT_OPTIMIZATION_LEVEL = "-Owholemodule";
				TARGETED_DEVICE_FAMILY = "1,2";
				VALIDATE_PRODUCT = YES;
			};
			name = Release;
		};
		5C8349971DCB14290065A62A /* Debug */ = {
			isa = XCBuildConfiguration;
			buildSettings = {
				ASSETCATALOG_COMPILER_APPICON_NAME = AppIcon;
				DEVELOPMENT_TEAM = 8RT428ZDVE;
				INFOPLIST_FILE = "仿西窗烛卡片切换/Info.plist";
				LD_RUNPATH_SEARCH_PATHS = "$(inherited) @executable_path/Frameworks";
				PRODUCT_BUNDLE_IDENTIFIER = "HaiJiang.--------";
				PRODUCT_NAME = "$(TARGET_NAME)";
				SWIFT_VERSION = 3.0;
			};
			name = Debug;
		};
		5C8349981DCB14290065A62A /* Release */ = {
			isa = XCBuildConfiguration;
			buildSettings = {
				ASSETCATALOG_COMPILER_APPICON_NAME = AppIcon;
				DEVELOPMENT_TEAM = 8RT428ZDVE;
				INFOPLIST_FILE = "仿西窗烛卡片切换/Info.plist";
				LD_RUNPATH_SEARCH_PATHS = "$(inherited) @executable_path/Frameworks";
				PRODUCT_BUNDLE_IDENTIFIER = "HaiJiang.--------";
				PRODUCT_NAME = "$(TARGET_NAME)";
				SWIFT_VERSION = 3.0;
			};
			name = Release;
		};
/* End XCBuildConfiguration section */

/* Begin XCConfigurationList section */
		5C83497F1DCB14290065A62A /* Build configuration list for PBXProject "仿西窗烛卡片切换" */ = {
			isa = XCConfigurationList;
			buildConfigurations = (
				5C8349941DCB14290065A62A /* Debug */,
				5C8349951DCB14290065A62A /* Release */,
			);
			defaultConfigurationIsVisible = 0;
			defaultConfigurationName = Release;
		};
		5C8349961DCB14290065A62A /* Build configuration list for PBXNativeTarget "仿西窗烛卡片切换" */ = {
			isa = XCConfigurationList;
			buildConfigurations = (
				5C8349971DCB14290065A62A /* Debug */,
				5C8349981DCB14290065A62A /* Release */,
			);
			defaultConfigurationIsVisible = 0;
			defaultConfigurationName = Release;
		};
/* End XCConfigurationList section */
	};
	rootObject = 5C83497C1DCB14290065A62A /* Project object */;
}
